// !$*UTF8*$!
{
	archiveVersion = 1;
	classes = {
	};
	objectVersion = 50;
	objects = {

/* Begin PBXBuildFile section */
		8E6AB285224E40450070D3D7 /* AppDelegate.swift in Sources */ = {isa = PBXBuildFile; fileRef = 8E6AB284224E40450070D3D7 /* AppDelegate.swift */; };
		8E6AB287224E40450070D3D7 /* ViewController.swift in Sources */ = {isa = PBXBuildFile; fileRef = 8E6AB286224E40450070D3D7 /* ViewController.swift */; };
		8E6AB28A224E40450070D3D7 /* Main.storyboard in Resources */ = {isa = PBXBuildFile; fileRef = 8E6AB288224E40450070D3D7 /* Main.storyboard */; };
		8E6AB28C224E40460070D3D7 /* Assets.xcassets in Resources */ = {isa = PBXBuildFile; fileRef = 8E6AB28B224E40460070D3D7 /* Assets.xcassets */; };
		8E6AB28F224E40460070D3D7 /* LaunchScreen.storyboard in Resources */ = {isa = PBXBuildFile; fileRef = 8E6AB28D224E40460070D3D7 /* LaunchScreen.storyboard */; };
		8E6AB29A224E40460070D3D7 /* TestKeychainPajaTests.swift in Sources */ = {isa = PBXBuildFile; fileRef = 8E6AB299224E40460070D3D7 /* TestKeychainPajaTests.swift */; };
		8E6AB2A5224E40460070D3D7 /* TestKeychainPajaUITests.swift in Sources */ = {isa = PBXBuildFile; fileRef = 8E6AB2A4224E40460070D3D7 /* TestKeychainPajaUITests.swift */; };
/* End PBXBuildFile section */

/* Begin PBXContainerItemProxy section */
		8E6AB296224E40460070D3D7 /* PBXContainerItemProxy */ = {
			isa = PBXContainerItemProxy;
			containerPortal = 8E6AB279224E40450070D3D7 /* Project object */;
			proxyType = 1;
			remoteGlobalIDString = 8E6AB280224E40450070D3D7;
			remoteInfo = TestKeychainPaja;
		};
		8E6AB2A1224E40460070D3D7 /* PBXContainerItemProxy */ = {
			isa = PBXContainerItemProxy;
			containerPortal = 8E6AB279224E40450070D3D7 /* Project object */;
			proxyType = 1;
			remoteGlobalIDString = 8E6AB280224E40450070D3D7;
			remoteInfo = TestKeychainPaja;
		};
/* End PBXContainerItemProxy section */

/* Begin PBXFileReference section */
		8E6AB281224E40450070D3D7 /* TestKeychainPaja.app */ = {isa = PBXFileReference; explicitFileType = wrapper.application; includeInIndex = 0; path = TestKeychainPaja.app; sourceTree = BUILT_PRODUCTS_DIR; };
		8E6AB284224E40450070D3D7 /* AppDelegate.swift */ = {isa = PBXFileReference; lastKnownFileType = sourcecode.swift; path = AppDelegate.swift; sourceTree = "<group>"; };
		8E6AB286224E40450070D3D7 /* ViewController.swift */ = {isa = PBXFileReference; lastKnownFileType = sourcecode.swift; path = ViewController.swift; sourceTree = "<group>"; };
		8E6AB289224E40450070D3D7 /* Base */ = {isa = PBXFileReference; lastKnownFileType = file.storyboard; name = Base; path = Base.lproj/Main.storyboard; sourceTree = "<group>"; };
		8E6AB28B224E40460070D3D7 /* Assets.xcassets */ = {isa = PBXFileReference; lastKnownFileType = folder.assetcatalog; path = Assets.xcassets; sourceTree = "<group>"; };
		8E6AB28E224E40460070D3D7 /* Base */ = {isa = PBXFileReference; lastKnownFileType = file.storyboard; name = Base; path = Base.lproj/LaunchScreen.storyboard; sourceTree = "<group>"; };
		8E6AB290224E40460070D3D7 /* Info.plist */ = {isa = PBXFileReference; lastKnownFileType = text.plist.xml; path = Info.plist; sourceTree = "<group>"; };
		8E6AB295224E40460070D3D7 /* TestKeychainPajaTests.xctest */ = {isa = PBXFileReference; explicitFileType = wrapper.cfbundle; includeInIndex = 0; path = TestKeychainPajaTests.xctest; sourceTree = BUILT_PRODUCTS_DIR; };
		8E6AB299224E40460070D3D7 /* TestKeychainPajaTests.swift */ = {isa = PBXFileReference; lastKnownFileType = sourcecode.swift; path = TestKeychainPajaTests.swift; sourceTree = "<group>"; };
		8E6AB29B224E40460070D3D7 /* Info.plist */ = {isa = PBXFileReference; lastKnownFileType = text.plist.xml; path = Info.plist; sourceTree = "<group>"; };
		8E6AB2A0224E40460070D3D7 /* TestKeychainPajaUITests.xctest */ = {isa = PBXFileReference; explicitFileType = wrapper.cfbundle; includeInIndex = 0; path = TestKeychainPajaUITests.xctest; sourceTree = BUILT_PRODUCTS_DIR; };
		8E6AB2A4224E40460070D3D7 /* TestKeychainPajaUITests.swift */ = {isa = PBXFileReference; lastKnownFileType = sourcecode.swift; path = TestKeychainPajaUITests.swift; sourceTree = "<group>"; };
		8E6AB2A6224E40460070D3D7 /* Info.plist */ = {isa = PBXFileReference; lastKnownFileType = text.plist.xml; path = Info.plist; sourceTree = "<group>"; };
/* End PBXFileReference section */

/* Begin PBXFrameworksBuildPhase section */
		8E6AB27E224E40450070D3D7 /* Frameworks */ = {
			isa = PBXFrameworksBuildPhase;
			buildActionMask = 2147483647;
			files = (
			);
			runOnlyForDeploymentPostprocessing = 0;
		};
		8E6AB292224E40460070D3D7 /* Frameworks */ = {
			isa = PBXFrameworksBuildPhase;
			buildActionMask = 2147483647;
			files = (
			);
			runOnlyForDeploymentPostprocessing = 0;
		};
		8E6AB29D224E40460070D3D7 /* Frameworks */ = {
			isa = PBXFrameworksBuildPhase;
			buildActionMask = 2147483647;
			files = (
			);
			runOnlyForDeploymentPostprocessing = 0;
		};
/* End PBXFrameworksBuildPhase section */

/* Begin PBXGroup section */
		8E6AB278224E40450070D3D7 = {
			isa = PBXGroup;
			children = (
				8E6AB283224E40450070D3D7 /* TestKeychainPaja */,
				8E6AB298224E40460070D3D7 /* TestKeychainPajaTests */,
				8E6AB2A3224E40460070D3D7 /* TestKeychainPajaUITests */,
				8E6AB282224E40450070D3D7 /* Products */,
			);
			sourceTree = "<group>";
		};
		8E6AB282224E40450070D3D7 /* Products */ = {
			isa = PBXGroup;
			children = (
				8E6AB281224E40450070D3D7 /* TestKeychainPaja.app */,
				8E6AB295224E40460070D3D7 /* TestKeychainPajaTests.xctest */,
				8E6AB2A0224E40460070D3D7 /* TestKeychainPajaUITests.xctest */,
			);
			name = Products;
			sourceTree = "<group>";
		};
		8E6AB283224E40450070D3D7 /* TestKeychainPaja */ = {
			isa = PBXGroup;
			children = (
				8E6AB284224E40450070D3D7 /* AppDelegate.swift */,
				8E6AB286224E40450070D3D7 /* ViewController.swift */,
				8E6AB288224E40450070D3D7 /* Main.storyboard */,
				8E6AB28B224E40460070D3D7 /* Assets.xcassets */,
				8E6AB28D224E40460070D3D7 /* LaunchScreen.storyboard */,
				8E6AB290224E40460070D3D7 /* Info.plist */,
			);
			path = TestKeychainPaja;
			sourceTree = "<group>";
		};
		8E6AB298224E40460070D3D7 /* TestKeychainPajaTests */ = {
			isa = PBXGroup;
			children = (
				8E6AB299224E40460070D3D7 /* TestKeychainPajaTests.swift */,
				8E6AB29B224E40460070D3D7 /* Info.plist */,
			);
			path = TestKeychainPajaTests;
			sourceTree = "<group>";
		};
		8E6AB2A3224E40460070D3D7 /* TestKeychainPajaUITests */ = {
			isa = PBXGroup;
			children = (
				8E6AB2A4224E40460070D3D7 /* TestKeychainPajaUITests.swift */,
				8E6AB2A6224E40460070D3D7 /* Info.plist */,
			);
			path = TestKeychainPajaUITests;
			sourceTree = "<group>";
		};
/* End PBXGroup section */

/* Begin PBXNativeTarget section */
		8E6AB280224E40450070D3D7 /* TestKeychainPaja */ = {
			isa = PBXNativeTarget;
			buildConfigurationList = 8E6AB2A9224E40460070D3D7 /* Build configuration list for PBXNativeTarget "TestKeychainPaja" */;
			buildPhases = (
				8E6AB27D224E40450070D3D7 /* Sources */,
				8E6AB27E224E40450070D3D7 /* Frameworks */,
				8E6AB27F224E40450070D3D7 /* Resources */,
			);
			buildRules = (
			);
			dependencies = (
			);
			name = TestKeychainPaja;
			productName = TestKeychainPaja;
			productReference = 8E6AB281224E40450070D3D7 /* TestKeychainPaja.app */;
			productType = "com.apple.product-type.application";
		};
		8E6AB294224E40460070D3D7 /* TestKeychainPajaTests */ = {
			isa = PBXNativeTarget;
			buildConfigurationList = 8E6AB2AC224E40460070D3D7 /* Build configuration list for PBXNativeTarget "TestKeychainPajaTests" */;
			buildPhases = (
				8E6AB291224E40460070D3D7 /* Sources */,
				8E6AB292224E40460070D3D7 /* Frameworks */,
				8E6AB293224E40460070D3D7 /* Resources */,
			);
			buildRules = (
			);
			dependencies = (
				8E6AB297224E40460070D3D7 /* PBXTargetDependency */,
			);
			name = TestKeychainPajaTests;
			productName = TestKeychainPajaTests;
			productReference = 8E6AB295224E40460070D3D7 /* TestKeychainPajaTests.xctest */;
			productType = "com.apple.product-type.bundle.unit-test";
		};
		8E6AB29F224E40460070D3D7 /* TestKeychainPajaUITests */ = {
			isa = PBXNativeTarget;
			buildConfigurationList = 8E6AB2AF224E40460070D3D7 /* Build configuration list for PBXNativeTarget "TestKeychainPajaUITests" */;
			buildPhases = (
				8E6AB29C224E40460070D3D7 /* Sources */,
				8E6AB29D224E40460070D3D7 /* Frameworks */,
				8E6AB29E224E40460070D3D7 /* Resources */,
			);
			buildRules = (
			);
			dependencies = (
				8E6AB2A2224E40460070D3D7 /* PBXTargetDependency */,
			);
			name = TestKeychainPajaUITests;
			productName = TestKeychainPajaUITests;
			productReference = 8E6AB2A0224E40460070D3D7 /* TestKeychainPajaUITests.xctest */;
			productType = "com.apple.product-type.bundle.ui-testing";
		};
/* End PBXNativeTarget section */

/* Begin PBXProject section */
		8E6AB279224E40450070D3D7 /* Project object */ = {
			isa = PBXProject;
			attributes = {
				LastSwiftUpdateCheck = 1010;
				LastUpgradeCheck = 1010;
				ORGANIZATIONNAME = "Pavle Mijatovic";
				TargetAttributes = {
					8E6AB280224E40450070D3D7 = {
						CreatedOnToolsVersion = 10.1;
					};
					8E6AB294224E40460070D3D7 = {
						CreatedOnToolsVersion = 10.1;
						TestTargetID = 8E6AB280224E40450070D3D7;
					};
					8E6AB29F224E40460070D3D7 = {
						CreatedOnToolsVersion = 10.1;
						TestTargetID = 8E6AB280224E40450070D3D7;
					};
				};
			};
			buildConfigurationList = 8E6AB27C224E40450070D3D7 /* Build configuration list for PBXProject "TestKeychainPaja" */;
			compatibilityVersion = "Xcode 9.3";
			developmentRegion = en;
			hasScannedForEncodings = 0;
			knownRegions = (
				en,
				Base,
			);
			mainGroup = 8E6AB278224E40450070D3D7;
			productRefGroup = 8E6AB282224E40450070D3D7 /* Products */;
			projectDirPath = "";
			projectRoot = "";
			targets = (
				8E6AB280224E40450070D3D7 /* TestKeychainPaja */,
				8E6AB294224E40460070D3D7 /* TestKeychainPajaTests */,
				8E6AB29F224E40460070D3D7 /* TestKeychainPajaUITests */,
			);
		};
/* End PBXProject section */

/* Begin PBXResourcesBuildPhase section */
		8E6AB27F224E40450070D3D7 /* Resources */ = {
			isa = PBXResourcesBuildPhase;
			buildActionMask = 2147483647;
			files = (
				8E6AB28F224E40460070D3D7 /* LaunchScreen.storyboard in Resources */,
				8E6AB28C224E40460070D3D7 /* Assets.xcassets in Resources */,
				8E6AB28A224E40450070D3D7 /* Main.storyboard in Resources */,
			);
			runOnlyForDeploymentPostprocessing = 0;
		};
		8E6AB293224E40460070D3D7 /* Resources */ = {
			isa = PBXResourcesBuildPhase;
			buildActionMask = 2147483647;
			files = (
			);
			runOnlyForDeploymentPostprocessing = 0;
		};
		8E6AB29E224E40460070D3D7 /* Resources */ = {
			isa = PBXResourcesBuildPhase;
			buildActionMask = 2147483647;
			files = (
			);
			runOnlyForDeploymentPostprocessing = 0;
		};
/* End PBXResourcesBuildPhase section */

/* Begin PBXSourcesBuildPhase section */
		8E6AB27D224E40450070D3D7 /* Sources */ = {
			isa = PBXSourcesBuildPhase;
			buildActionMask = 2147483647;
			files = (
				8E6AB287224E40450070D3D7 /* ViewController.swift in Sources */,
				8E6AB285224E40450070D3D7 /* AppDelegate.swift in Sources */,
			);
			runOnlyForDeploymentPostprocessing = 0;
		};
		8E6AB291224E40460070D3D7 /* Sources */ = {
			isa = PBXSourcesBuildPhase;
			buildActionMask = 2147483647;
			files = (
				8E6AB29A224E40460070D3D7 /* TestKeychainPajaTests.swift in Sources */,
			);
			runOnlyForDeploymentPostprocessing = 0;
		};
		8E6AB29C224E40460070D3D7 /* Sources */ = {
			isa = PBXSourcesBuildPhase;
			buildActionMask = 2147483647;
			files = (
				8E6AB2A5224E40460070D3D7 /* TestKeychainPajaUITests.swift in Sources */,
			);
			runOnlyForDeploymentPostprocessing = 0;
		};
/* End PBXSourcesBuildPhase section */

/* Begin PBXTargetDependency section */
		8E6AB297224E40460070D3D7 /* PBXTargetDependency */ = {
			isa = PBXTargetDependency;
			target = 8E6AB280224E40450070D3D7 /* TestKeychainPaja */;
			targetProxy = 8E6AB296224E40460070D3D7 /* PBXContainerItemProxy */;
		};
		8E6AB2A2224E40460070D3D7 /* PBXTargetDependency */ = {
			isa = PBXTargetDependency;
			target = 8E6AB280224E40450070D3D7 /* TestKeychainPaja */;
			targetProxy = 8E6AB2A1224E40460070D3D7 /* PBXContainerItemProxy */;
		};
/* End PBXTargetDependency section */

/* Begin PBXVariantGroup section */
		8E6AB288224E40450070D3D7 /* Main.storyboard */ = {
			isa = PBXVariantGroup;
			children = (
				8E6AB289224E40450070D3D7 /* Base */,
			);
			name = Main.storyboard;
			sourceTree = "<group>";
		};
		8E6AB28D224E40460070D3D7 /* LaunchScreen.storyboard */ = {
			isa = PBXVariantGroup;
			children = (
				8E6AB28E224E40460070D3D7 /* Base */,
			);
			name = LaunchScreen.storyboard;
			sourceTree = "<group>";
		};
/* End PBXVariantGroup section */

/* Begin XCBuildConfiguration section */
		8E6AB2A7224E40460070D3D7 /* Debug */ = {
			isa = XCBuildConfiguration;
			buildSettings = {
				ALWAYS_SEARCH_USER_PATHS = NO;
				CLANG_ANALYZER_NONNULL = YES;
				CLANG_ANALYZER_NUMBER_OBJECT_CONVERSION = YES_AGGRESSIVE;
				CLANG_CXX_LANGUAGE_STANDARD = "gnu++14";
				CLANG_CXX_LIBRARY = "libc++";
				CLANG_ENABLE_MODULES = YES;
				CLANG_ENABLE_OBJC_ARC = YES;
				CLANG_ENABLE_OBJC_WEAK = YES;
				CLANG_WARN_BLOCK_CAPTURE_AUTORELEASING = YES;
				CLANG_WARN_BOOL_CONVERSION = YES;
				CLANG_WARN_COMMA = YES;
				CLANG_WARN_CONSTANT_CONVERSION = YES;
				CLANG_WARN_DEPRECATED_OBJC_IMPLEMENTATIONS = YES;
				CLANG_WARN_DIRECT_OBJC_ISA_USAGE = YES_ERROR;
				CLANG_WARN_DOCUMENTATION_COMMENTS = YES;
				CLANG_WARN_EMPTY_BODY = YES;
				CLANG_WARN_ENUM_CONVERSION = YES;
				CLANG_WARN_INFINITE_RECURSION = YES;
				CLANG_WARN_INT_CONVERSION = YES;
				CLANG_WARN_NON_LITERAL_NULL_CONVERSION = YES;
				CLANG_WARN_OBJC_IMPLICIT_RETAIN_SELF = YES;
				CLANG_WARN_OBJC_LITERAL_CONVERSION = YES;
				CLANG_WARN_OBJC_ROOT_CLASS = YES_ERROR;
				CLANG_WARN_RANGE_LOOP_ANALYSIS = YES;
				CLANG_WARN_STRICT_PROTOTYPES = YES;
				CLANG_WARN_SUSPICIOUS_MOVE = YES;
				CLANG_WARN_UNGUARDED_AVAILABILITY = YES_AGGRESSIVE;
				CLANG_WARN_UNREACHABLE_CODE = YES;
				CLANG_WARN__DUPLICATE_METHOD_MATCH = YES;
				CODE_SIGN_IDENTITY = "iPhone Developer";
				COPY_PHASE_STRIP = NO;
				DEBUG_INFORMATION_FORMAT = dwarf;
				ENABLE_STRICT_OBJC_MSGSEND = YES;
				ENABLE_TESTABILITY = YES;
				GCC_C_LANGUAGE_STANDARD = gnu11;
				GCC_DYNAMIC_NO_PIC = NO;
				GCC_NO_COMMON_BLOCKS = YES;
				GCC_OPTIMIZATION_LEVEL = 0;
				GCC_PREPROCESSOR_DEFINITIONS = (
					"DEBUG=1",
					"$(inherited)",
				);
				GCC_WARN_64_TO_32_BIT_CONVERSION = YES;
				GCC_WARN_ABOUT_RETURN_TYPE = YES_ERROR;
				GCC_WARN_UNDECLARED_SELECTOR = YES;
				GCC_WARN_UNINITIALIZED_AUTOS = YES_AGGRESSIVE;
				GCC_WARN_UNUSED_FUNCTION = YES;
				GCC_WARN_UNUSED_VARIABLE = YES;
				IPHONEOS_DEPLOYMENT_TARGET = 12.1;
				MTL_ENABLE_DEBUG_INFO = INCLUDE_SOURCE;
				MTL_FAST_MATH = YES;
				ONLY_ACTIVE_ARCH = YES;
				SDKROOT = iphoneos;
				SWIFT_ACTIVE_COMPILATION_CONDITIONS = DEBUG;
				SWIFT_OPTIMIZATION_LEVEL = "-Onone";
			};
			name = Debug;
		};
		8E6AB2A8224E40460070D3D7 /* Release */ = {
			isa = XCBuildConfiguration;
			buildSettings = {
				ALWAYS_SEARCH_USER_PATHS = NO;
				CLANG_ANALYZER_NONNULL = YES;
				CLANG_ANALYZER_NUMBER_OBJECT_CONVERSION = YES_AGGRESSIVE;
				CLANG_CXX_LANGUAGE_STANDARD = "gnu++14";
				CLANG_CXX_LIBRARY = "libc++";
				CLANG_ENABLE_MODULES = YES;
				CLANG_ENABLE_OBJC_ARC = YES;
				CLANG_ENABLE_OBJC_WEAK = YES;
				CLANG_WARN_BLOCK_CAPTURE_AUTORELEASING = YES;
				CLANG_WARN_BOOL_CONVERSION = YES;
				CLANG_WARN_COMMA = YES;
				CLANG_WARN_CONSTANT_CONVERSION = YES;
				CLANG_WARN_DEPRECATED_OBJC_IMPLEMENTATIONS = YES;
				CLANG_WARN_DIRECT_OBJC_ISA_USAGE = YES_ERROR;
				CLANG_WARN_DOCUMENTATION_COMMENTS = YES;
				CLANG_WARN_EMPTY_BODY = YES;
				CLANG_WARN_ENUM_CONVERSION = YES;
				CLANG_WARN_INFINITE_RECURSION = YES;
				CLANG_WARN_INT_CONVERSION = YES;
				CLANG_WARN_NON_LITERAL_NULL_CONVERSION = YES;
				CLANG_WARN_OBJC_IMPLICIT_RETAIN_SELF = YES;
				CLANG_WARN_OBJC_LITERAL_CONVERSION = YES;
				CLANG_WARN_OBJC_ROOT_CLASS = YES_ERROR;
				CLANG_WARN_RANGE_LOOP_ANALYSIS = YES;
				CLANG_WARN_STRICT_PROTOTYPES = YES;
				CLANG_WARN_SUSPICIOUS_MOVE = YES;
				CLANG_WARN_UNGUARDED_AVAILABILITY = YES_AGGRESSIVE;
				CLANG_WARN_UNREACHABLE_CODE = YES;
				CLANG_WARN__DUPLICATE_METHOD_MATCH = YES;
				CODE_SIGN_IDENTITY = "iPhone Developer";
				COPY_PHASE_STRIP = NO;
				DEBUG_INFORMATION_FORMAT = "dwarf-with-dsym";
				ENABLE_NS_ASSERTIONS = NO;
				ENABLE_STRICT_OBJC_MSGSEND = YES;
				GCC_C_LANGUAGE_STANDARD = gnu11;
				GCC_NO_COMMON_BLOCKS = YES;
				GCC_WARN_64_TO_32_BIT_CONVERSION = YES;
				GCC_WARN_ABOUT_RETURN_TYPE = YES_ERROR;
				GCC_WARN_UNDECLARED_SELECTOR = YES;
				GCC_WARN_UNINITIALIZED_AUTOS = YES_AGGRESSIVE;
				GCC_WARN_UNUSED_FUNCTION = YES;
				GCC_WARN_UNUSED_VARIABLE = YES;
				IPHONEOS_DEPLOYMENT_TARGET = 12.1;
				MTL_ENABLE_DEBUG_INFO = NO;
				MTL_FAST_MATH = YES;
				SDKROOT = iphoneos;
				SWIFT_COMPILATION_MODE = wholemodule;
				SWIFT_OPTIMIZATION_LEVEL = "-O";
				VALIDATE_PRODUCT = YES;
			};
			name = Release;
		};
		8E6AB2AA224E40460070D3D7 /* Debug */ = {
			isa = XCBuildConfiguration;
			buildSettings = {
				ASSETCATALOG_COMPILER_APPICON_NAME = AppIcon;
				CODE_SIGN_STYLE = Manual;
				DEVELOPMENT_TEAM = DT2VAVR98J;
				INFOPLIST_FILE = TestKeychainPaja/Info.plist;
				LD_RUNPATH_SEARCH_PATHS = (
					"$(inherited)",
					"@executable_path/Frameworks",
				);
				PRODUCT_BUNDLE_IDENTIFIER = sprintingsoftware.dsgapps.paja;
				PRODUCT_NAME = "$(TARGET_NAME)";
				PROVISIONING_PROFILE_SPECIFIER = WildcardSprintingSoftware_Development;
				SWIFT_VERSION = 4.2;
				TARGETED_DEVICE_FAMILY = "1,2";
			};
			name = Debug;
		};
		8E6AB2AB224E40460070D3D7 /* Release */ = {
			isa = XCBuildConfiguration;
			buildSettings = {
				ASSETCATALOG_COMPILER_APPICON_NAME = AppIcon;
				CODE_SIGN_IDENTITY = "iPhone Distribution";
				CODE_SIGN_STYLE = Manual;
				DEVELOPMENT_TEAM = DT2VAVR98J;
				INFOPLIST_FILE = TestKeychainPaja/Info.plist;
				LD_RUNPATH_SEARCH_PATHS = (
					"$(inherited)",
					"@executable_path/Frameworks",
				);
				PRODUCT_BUNDLE_IDENTIFIER = sprintingsoftware.dsgapps.paja;
				PRODUCT_NAME = "$(TARGET_NAME)";
				PROVISIONING_PROFILE_SPECIFIER = WildcardSprintingSoftware_DistributionAdHoc;
				SWIFT_VERSION = 4.2;
				TARGETED_DEVICE_FAMILY = "1,2";
			};
			name = Release;
		};
		8E6AB2AD224E40460070D3D7 /* Debug */ = {
			isa = XCBuildConfiguration;
			buildSettings = {
				ALWAYS_EMBED_SWIFT_STANDARD_LIBRARIES = YES;
				BUNDLE_LOADER = "$(TEST_HOST)";
				CODE_SIGN_STYLE = Automatic;
				INFOPLIST_FILE = TestKeychainPajaTests/Info.plist;
				LD_RUNPATH_SEARCH_PATHS = (
					"$(inherited)",
					"@executable_path/Frameworks",
					"@loader_path/Frameworks",
				);
				PRODUCT_BUNDLE_IDENTIFIER = paja.com.TestKeychainPajaTests;
				PRODUCT_NAME = "$(TARGET_NAME)";
				SWIFT_VERSION = 4.2;
				TARGETED_DEVICE_FAMILY = "1,2";
				TEST_HOST = "$(BUILT_PRODUCTS_DIR)/TestKeychainPaja.app/TestKeychainPaja";
			};
			name = Debug;
		};
		8E6AB2AE224E40460070D3D7 /* Release */ = {
			isa = XCBuildConfiguration;
			buildSettings = {
				ALWAYS_EMBED_SWIFT_STANDARD_LIBRARIES = YES;
				BUNDLE_LOADER = "$(TEST_HOST)";
				CODE_SIGN_STYLE = Automatic;
				INFOPLIST_FILE = TestKeychainPajaTests/Info.plist;
				LD_RUNPATH_SEARCH_PATHS = (
					"$(inherited)",
					"@executable_path/Frameworks",
					"@loader_path/Frameworks",
				);
				PRODUCT_BUNDLE_IDENTIFIER = paja.com.TestKeychainPajaTests;
				PRODUCT_NAME = "$(TARGET_NAME)";
				SWIFT_VERSION = 4.2;
				TARGETED_DEVICE_FAMILY = "1,2";
				TEST_HOST = "$(BUILT_PRODUCTS_DIR)/TestKeychainPaja.app/TestKeychainPaja";
			};
			name = Release;
		};
		8E6AB2B0224E40460070D3D7 /* Debug */ = {
			isa = XCBuildConfiguration;
			buildSettings = {
				ALWAYS_EMBED_SWIFT_STANDARD_LIBRARIES = YES;
				CODE_SIGN_STYLE = Automatic;
				INFOPLIST_FILE = TestKeychainPajaUITests/Info.plist;
				LD_RUNPATH_SEARCH_PATHS = (
					"$(inherited)",
					"@executable_path/Frameworks",
					"@loader_path/Frameworks",
				);
				PRODUCT_BUNDLE_IDENTIFIER = paja.com.TestKeychainPajaUITests;
				PRODUCT_NAME = "$(TARGET_NAME)";
				SWIFT_VERSION = 4.2;
				TARGETED_DEVICE_FAMILY = "1,2";
				TEST_TARGET_NAME = TestKeychainPaja;
			};
			name = Debug;
		};
		8E6AB2B1224E40460070D3D7 /* Release */ = {
			isa = XCBuildConfiguration;
			buildSettings = {
				ALWAYS_EMBED_SWIFT_STANDARD_LIBRARIES = YES;
				CODE_SIGN_STYLE = Automatic;
				INFOPLIST_FILE = TestKeychainPajaUITests/Info.plist;
				LD_RUNPATH_SEARCH_PATHS = (
					"$(inherited)",
					"@executable_path/Frameworks",
					"@loader_path/Frameworks",
				);
				PRODUCT_BUNDLE_IDENTIFIER = paja.com.TestKeychainPajaUITests;
				PRODUCT_NAME = "$(TARGET_NAME)";
				SWIFT_VERSION = 4.2;
				TARGETED_DEVICE_FAMILY = "1,2";
				TEST_TARGET_NAME = TestKeychainPaja;
			};
			name = Release;
		};
/* End XCBuildConfiguration section */

/* Begin XCConfigurationList section */
		8E6AB27C224E40450070D3D7 /* Build configuration list for PBXProject "TestKeychainPaja" */ = {
			isa = XCConfigurationList;
			buildConfigurations = (
				8E6AB2A7224E40460070D3D7 /* Debug */,
				8E6AB2A8224E40460070D3D7 /* Release */,
			);
			defaultConfigurationIsVisible = 0;
			defaultConfigurationName = Release;
		};
		8E6AB2A9224E40460070D3D7 /* Build configuration list for PBXNativeTarget "TestKeychainPaja" */ = {
			isa = XCConfigurationList;
			buildConfigurations = (
				8E6AB2AA224E40460070D3D7 /* Debug */,
				8E6AB2AB224E40460070D3D7 /* Release */,
			);
			defaultConfigurationIsVisible = 0;
			defaultConfigurationName = Release;
		};
		8E6AB2AC224E40460070D3D7 /* Build configuration list for PBXNativeTarget "TestKeychainPajaTests" */ = {
			isa = XCConfigurationList;
			buildConfigurations = (
				8E6AB2AD224E40460070D3D7 /* Debug */,
				8E6AB2AE224E40460070D3D7 /* Release */,
			);
			defaultConfigurationIsVisible = 0;
			defaultConfigurationName = Release;
		};
		8E6AB2AF224E40460070D3D7 /* Build configuration list for PBXNativeTarget "TestKeychainPajaUITests" */ = {
			isa = XCConfigurationList;
			buildConfigurations = (
				8E6AB2B0224E40460070D3D7 /* Debug */,
				8E6AB2B1224E40460070D3D7 /* Release */,
			);
			defaultConfigurationIsVisible = 0;
			defaultConfigurationName = Release;
		};
/* End XCConfigurationList section */
	};
	rootObject = 8E6AB279224E40450070D3D7 /* Project object */;
}
